// !$*UTF8*$!
{
	archiveVersion = 1;
	classes = {
	};
	objectVersion = 48;
	objects = {

/* Begin PBXBuildFile section */
		5FDA143FE65AD4728268329D /* Pods_BambooNotifier.framework in Frameworks */ = {isa = PBXBuildFile; fileRef = 2CE917624D3432DA8EF874C3 /* Pods_BambooNotifier.framework */; };
		AB6B2E3A20659EF50082A46B /* BambooLink.swift in Sources */ = {isa = PBXBuildFile; fileRef = AB6B2E3920659EF50082A46B /* BambooLink.swift */; };
		AB8B657020251C45003EB7BD /* BambooAPIResource.swift in Sources */ = {isa = PBXBuildFile; fileRef = AB8B656F20251C45003EB7BD /* BambooAPIResource.swift */; };
		AB8B657220251DEF003EB7BD /* BambooProjectResource.swift in Sources */ = {isa = PBXBuildFile; fileRef = AB8B657120251DEF003EB7BD /* BambooProjectResource.swift */; };
		AB8B6574202522C7003EB7BD /* BambooAPIRequest.swift in Sources */ = {isa = PBXBuildFile; fileRef = AB8B6573202522C7003EB7BD /* BambooAPIRequest.swift */; };
		ABC61126201BECD2007372F4 /* BambooPlanBranch.swift in Sources */ = {isa = PBXBuildFile; fileRef = ABC61125201BECD2007372F4 /* BambooPlanBranch.swift */; };
		ABC61128201BEEDC007372F4 /* BambooPlan.swift in Sources */ = {isa = PBXBuildFile; fileRef = ABC61127201BEEDC007372F4 /* BambooPlan.swift */; };
		ABC6112A201BEF7D007372F4 /* BambooProject.swift in Sources */ = {isa = PBXBuildFile; fileRef = ABC61129201BEF7D007372F4 /* BambooProject.swift */; };
		ABC8DCB62087DA4200F7D9CB /* ISubscribable.swift in Sources */ = {isa = PBXBuildFile; fileRef = ABC8DCB52087DA4200F7D9CB /* ISubscribable.swift */; };
		ABC8DCBA2089166600F7D9CB /* ModelPersistence.swift in Sources */ = {isa = PBXBuildFile; fileRef = ABC8DCB92089166600F7D9CB /* ModelPersistence.swift */; };
		ABE40D7A2024FB9D00E66047 /* BambooProjectService.swift in Sources */ = {isa = PBXBuildFile; fileRef = ABE40D792024FB9D00E66047 /* BambooProjectService.swift */; };
		ABFC7FD22011B37F00B1644C /* RefreshTimer.swift in Sources */ = {isa = PBXBuildFile; fileRef = ABFC7FD12011B37F00B1644C /* RefreshTimer.swift */; };
		ABFC7FEC201685BF00B1644C /* RSSSubscriber.swift in Sources */ = {isa = PBXBuildFile; fileRef = ABFC7FEB201685BF00B1644C /* RSSSubscriber.swift */; };
		ABFC7FEE2016A3EC00B1644C /* NotifierModel.swift in Sources */ = {isa = PBXBuildFile; fileRef = ABFC7FED2016A3EC00B1644C /* NotifierModel.swift */; };
		ABFEA66A2011A7B00092A2E9 /* AppDelegate.swift in Sources */ = {isa = PBXBuildFile; fileRef = ABFEA6692011A7B00092A2E9 /* AppDelegate.swift */; };
		ABFEA66C2011A7B00092A2E9 /* NotifierViewController.swift in Sources */ = {isa = PBXBuildFile; fileRef = ABFEA66B2011A7B00092A2E9 /* NotifierViewController.swift */; };
		ABFEA66F2011A7B00092A2E9 /* BambooNotifier.xcdatamodeld in Sources */ = {isa = PBXBuildFile; fileRef = ABFEA66D2011A7B00092A2E9 /* BambooNotifier.xcdatamodeld */; };
		ABFEA6712011A7B00092A2E9 /* Assets.xcassets in Resources */ = {isa = PBXBuildFile; fileRef = ABFEA6702011A7B00092A2E9 /* Assets.xcassets */; };
		ABFEA6742011A7B00092A2E9 /* Main.storyboard in Resources */ = {isa = PBXBuildFile; fileRef = ABFEA6722011A7B00092A2E9 /* Main.storyboard */; };
/* End PBXBuildFile section */

/* Begin PBXFileReference section */
		04344A498653B09A27159ACF /* Pods-BambooNotifier.release.xcconfig */ = {isa = PBXFileReference; includeInIndex = 1; lastKnownFileType = text.xcconfig; name = "Pods-BambooNotifier.release.xcconfig"; path = "Pods/Target Support Files/Pods-BambooNotifier/Pods-BambooNotifier.release.xcconfig"; sourceTree = "<group>"; };
		2CE917624D3432DA8EF874C3 /* Pods_BambooNotifier.framework */ = {isa = PBXFileReference; explicitFileType = wrapper.framework; includeInIndex = 0; path = Pods_BambooNotifier.framework; sourceTree = BUILT_PRODUCTS_DIR; };
		685EA8ADEB411643431A10E0 /* Pods-BambooNotifier.debug.xcconfig */ = {isa = PBXFileReference; includeInIndex = 1; lastKnownFileType = text.xcconfig; name = "Pods-BambooNotifier.debug.xcconfig"; path = "Pods/Target Support Files/Pods-BambooNotifier/Pods-BambooNotifier.debug.xcconfig"; sourceTree = "<group>"; };
		AB6B2E3920659EF50082A46B /* BambooLink.swift */ = {isa = PBXFileReference; lastKnownFileType = sourcecode.swift; path = BambooLink.swift; sourceTree = "<group>"; };
		AB8B656F20251C45003EB7BD /* BambooAPIResource.swift */ = {isa = PBXFileReference; lastKnownFileType = sourcecode.swift; path = BambooAPIResource.swift; sourceTree = "<group>"; };
		AB8B657120251DEF003EB7BD /* BambooProjectResource.swift */ = {isa = PBXFileReference; lastKnownFileType = sourcecode.swift; path = BambooProjectResource.swift; sourceTree = "<group>"; };
		AB8B6573202522C7003EB7BD /* BambooAPIRequest.swift */ = {isa = PBXFileReference; lastKnownFileType = sourcecode.swift; path = BambooAPIRequest.swift; sourceTree = "<group>"; };
		ABC61125201BECD2007372F4 /* BambooPlanBranch.swift */ = {isa = PBXFileReference; lastKnownFileType = sourcecode.swift; path = BambooPlanBranch.swift; sourceTree = "<group>"; };
		ABC61127201BEEDC007372F4 /* BambooPlan.swift */ = {isa = PBXFileReference; lastKnownFileType = sourcecode.swift; path = BambooPlan.swift; sourceTree = "<group>"; };
		ABC61129201BEF7D007372F4 /* BambooProject.swift */ = {isa = PBXFileReference; lastKnownFileType = sourcecode.swift; path = BambooProject.swift; sourceTree = "<group>"; };
		ABC8DCB52087DA4200F7D9CB /* ISubscribable.swift */ = {isa = PBXFileReference; lastKnownFileType = sourcecode.swift; path = ISubscribable.swift; sourceTree = "<group>"; };
		ABC8DCB92089166600F7D9CB /* ModelPersistence.swift */ = {isa = PBXFileReference; lastKnownFileType = sourcecode.swift; path = ModelPersistence.swift; sourceTree = "<group>"; };
		ABE40D792024FB9D00E66047 /* BambooProjectService.swift */ = {isa = PBXFileReference; lastKnownFileType = sourcecode.swift; path = BambooProjectService.swift; sourceTree = "<group>"; };
		ABFC7FD12011B37F00B1644C /* RefreshTimer.swift */ = {isa = PBXFileReference; lastKnownFileType = sourcecode.swift; path = RefreshTimer.swift; sourceTree = "<group>"; };
		ABFC7FEB201685BF00B1644C /* RSSSubscriber.swift */ = {isa = PBXFileReference; lastKnownFileType = sourcecode.swift; path = RSSSubscriber.swift; sourceTree = "<group>"; };
		ABFC7FED2016A3EC00B1644C /* NotifierModel.swift */ = {isa = PBXFileReference; lastKnownFileType = sourcecode.swift; path = NotifierModel.swift; sourceTree = "<group>"; };
		ABFEA6662011A7B00092A2E9 /* BambooNotifier.app */ = {isa = PBXFileReference; explicitFileType = wrapper.application; includeInIndex = 0; path = BambooNotifier.app; sourceTree = BUILT_PRODUCTS_DIR; };
		ABFEA6692011A7B00092A2E9 /* AppDelegate.swift */ = {isa = PBXFileReference; lastKnownFileType = sourcecode.swift; path = AppDelegate.swift; sourceTree = "<group>"; };
		ABFEA66B2011A7B00092A2E9 /* NotifierViewController.swift */ = {isa = PBXFileReference; lastKnownFileType = sourcecode.swift; path = NotifierViewController.swift; sourceTree = "<group>"; };
		ABFEA66E2011A7B00092A2E9 /* BambooNotifier.xcdatamodel */ = {isa = PBXFileReference; lastKnownFileType = wrapper.xcdatamodel; path = BambooNotifier.xcdatamodel; sourceTree = "<group>"; };
		ABFEA6702011A7B00092A2E9 /* Assets.xcassets */ = {isa = PBXFileReference; lastKnownFileType = folder.assetcatalog; path = Assets.xcassets; sourceTree = "<group>"; };
		ABFEA6732011A7B00092A2E9 /* Base */ = {isa = PBXFileReference; lastKnownFileType = file.storyboard; name = Base; path = Base.lproj/Main.storyboard; sourceTree = "<group>"; };
		ABFEA6752011A7B00092A2E9 /* Info.plist */ = {isa = PBXFileReference; lastKnownFileType = text.plist.xml; path = Info.plist; sourceTree = "<group>"; };
		ABFEA6762011A7B00092A2E9 /* BambooNotifier.entitlements */ = {isa = PBXFileReference; lastKnownFileType = text.plist.entitlements; path = BambooNotifier.entitlements; sourceTree = "<group>"; };
/* End PBXFileReference section */

/* Begin PBXFrameworksBuildPhase section */
		ABFEA6632011A7B00092A2E9 /* Frameworks */ = {
			isa = PBXFrameworksBuildPhase;
			buildActionMask = 2147483647;
			files = (
				5FDA143FE65AD4728268329D /* Pods_BambooNotifier.framework in Frameworks */,
			);
			runOnlyForDeploymentPostprocessing = 0;
		};
/* End PBXFrameworksBuildPhase section */

/* Begin PBXGroup section */
		711E6D5EAEAA22434178F885 /* Frameworks */ = {
			isa = PBXGroup;
			children = (
				2CE917624D3432DA8EF874C3 /* Pods_BambooNotifier.framework */,
			);
			name = Frameworks;
			sourceTree = "<group>";
		};
		ABC611222019512E007372F4 /* BambooModel */ = {
			isa = PBXGroup;
			children = (
				ABC61125201BECD2007372F4 /* BambooPlanBranch.swift */,
				ABC61127201BEEDC007372F4 /* BambooPlan.swift */,
				ABC61129201BEF7D007372F4 /* BambooProject.swift */,
				ABE40D792024FB9D00E66047 /* BambooProjectService.swift */,
				AB8B656F20251C45003EB7BD /* BambooAPIResource.swift */,
				AB8B657120251DEF003EB7BD /* BambooProjectResource.swift */,
				AB8B6573202522C7003EB7BD /* BambooAPIRequest.swift */,
				AB6B2E3920659EF50082A46B /* BambooLink.swift */,
				ABC8DCB52087DA4200F7D9CB /* ISubscribable.swift */,
			);
			path = BambooModel;
			sourceTree = "<group>";
		};
		ABFC7FD32011B3CD00B1644C /* Refresh */ = {
			isa = PBXGroup;
			children = (
				ABFC7FD12011B37F00B1644C /* RefreshTimer.swift */,
			);
			path = Refresh;
			sourceTree = "<group>";
		};
		ABFC7FEA201685B000B1644C /* RSS */ = {
			isa = PBXGroup;
			children = (
				ABFC7FEB201685BF00B1644C /* RSSSubscriber.swift */,
			);
			path = RSS;
			sourceTree = "<group>";
		};
		ABFEA65D2011A7B00092A2E9 = {
			isa = PBXGroup;
			children = (
				ABFEA6682011A7B00092A2E9 /* BambooNotifier */,
				ABFEA6672011A7B00092A2E9 /* Products */,
				CD17AD6E21F27F0C35F424EC /* Pods */,
				711E6D5EAEAA22434178F885 /* Frameworks */,
			);
			sourceTree = "<group>";
		};
		ABFEA6672011A7B00092A2E9 /* Products */ = {
			isa = PBXGroup;
			children = (
				ABFEA6662011A7B00092A2E9 /* BambooNotifier.app */,
			);
			name = Products;
			sourceTree = "<group>";
		};
		ABFEA6682011A7B00092A2E9 /* BambooNotifier */ = {
			isa = PBXGroup;
			children = (
				ABC611222019512E007372F4 /* BambooModel */,
				ABFC7FEA201685B000B1644C /* RSS */,
				ABFC7FD32011B3CD00B1644C /* Refresh */,
				ABFEA6692011A7B00092A2E9 /* AppDelegate.swift */,
				ABFEA66B2011A7B00092A2E9 /* NotifierViewController.swift */,
				ABFC7FED2016A3EC00B1644C /* NotifierModel.swift */,
				ABFEA6702011A7B00092A2E9 /* Assets.xcassets */,
				ABFEA6722011A7B00092A2E9 /* Main.storyboard */,
				ABFEA6752011A7B00092A2E9 /* Info.plist */,
				ABFEA6762011A7B00092A2E9 /* BambooNotifier.entitlements */,
				ABFEA66D2011A7B00092A2E9 /* BambooNotifier.xcdatamodeld */,
				ABC8DCB92089166600F7D9CB /* ModelPersistence.swift */,
			);
			path = BambooNotifier;
			sourceTree = "<group>";
		};
		CD17AD6E21F27F0C35F424EC /* Pods */ = {
			isa = PBXGroup;
			children = (
				685EA8ADEB411643431A10E0 /* Pods-BambooNotifier.debug.xcconfig */,
				04344A498653B09A27159ACF /* Pods-BambooNotifier.release.xcconfig */,
			);
			name = Pods;
			sourceTree = "<group>";
		};
/* End PBXGroup section */

/* Begin PBXNativeTarget section */
		ABFEA6652011A7B00092A2E9 /* BambooNotifier */ = {
			isa = PBXNativeTarget;
			buildConfigurationList = ABFEA6792011A7B00092A2E9 /* Build configuration list for PBXNativeTarget "BambooNotifier" */;
			buildPhases = (
				662CCAB6EE7C602CECBCA7A4 /* [CP] Check Pods Manifest.lock */,
				ABFEA6622011A7B00092A2E9 /* Sources */,
				ABFEA6632011A7B00092A2E9 /* Frameworks */,
				ABFEA6642011A7B00092A2E9 /* Resources */,
				A2E51D9EB209E29662F0B630 /* [CP] Embed Pods Frameworks */,
				7ECD8106BEE537BFC4B17BB4 /* [CP] Copy Pods Resources */,
			);
			buildRules = (
			);
			dependencies = (
			);
			name = BambooNotifier;
			productName = BambooNotifier;
			productReference = ABFEA6662011A7B00092A2E9 /* BambooNotifier.app */;
			productType = "com.apple.product-type.application";
		};
/* End PBXNativeTarget section */

/* Begin PBXProject section */
		ABFEA65E2011A7B00092A2E9 /* Project object */ = {
			isa = PBXProject;
			attributes = {
				LastSwiftUpdateCheck = 0920;
				LastUpgradeCheck = 0920;
				ORGANIZATIONNAME = "Adam Koziol";
				TargetAttributes = {
					ABFEA6652011A7B00092A2E9 = {
						CreatedOnToolsVersion = 9.2;
						ProvisioningStyle = Automatic;
					};
				};
			};
			buildConfigurationList = ABFEA6612011A7B00092A2E9 /* Build configuration list for PBXProject "BambooNotifier" */;
			compatibilityVersion = "Xcode 8.0";
			developmentRegion = en;
			hasScannedForEncodings = 0;
			knownRegions = (
				en,
				Base,
			);
			mainGroup = ABFEA65D2011A7B00092A2E9;
			productRefGroup = ABFEA6672011A7B00092A2E9 /* Products */;
			projectDirPath = "";
			projectRoot = "";
			targets = (
				ABFEA6652011A7B00092A2E9 /* BambooNotifier */,
			);
		};
/* End PBXProject section */

/* Begin PBXResourcesBuildPhase section */
		ABFEA6642011A7B00092A2E9 /* Resources */ = {
			isa = PBXResourcesBuildPhase;
			buildActionMask = 2147483647;
			files = (
				ABFEA6712011A7B00092A2E9 /* Assets.xcassets in Resources */,
				ABFEA6742011A7B00092A2E9 /* Main.storyboard in Resources */,
			);
			runOnlyForDeploymentPostprocessing = 0;
		};
/* End PBXResourcesBuildPhase section */

/* Begin PBXShellScriptBuildPhase section */
		662CCAB6EE7C602CECBCA7A4 /* [CP] Check Pods Manifest.lock */ = {
			isa = PBXShellScriptBuildPhase;
			buildActionMask = 2147483647;
			files = (
			);
			inputPaths = (
				"${PODS_PODFILE_DIR_PATH}/Podfile.lock",
				"${PODS_ROOT}/Manifest.lock",
			);
			name = "[CP] Check Pods Manifest.lock";
			outputPaths = (
				"$(DERIVED_FILE_DIR)/Pods-BambooNotifier-checkManifestLockResult.txt",
			);
			runOnlyForDeploymentPostprocessing = 0;
			shellPath = /bin/sh;
			shellScript = "diff \"${PODS_PODFILE_DIR_PATH}/Podfile.lock\" \"${PODS_ROOT}/Manifest.lock\" > /dev/null\nif [ $? != 0 ] ; then\n    # print error to STDERR\n    echo \"error: The sandbox is not in sync with the Podfile.lock. Run 'pod install' or update your CocoaPods installation.\" >&2\n    exit 1\nfi\n# This output is used by Xcode 'outputs' to avoid re-running this script phase.\necho \"SUCCESS\" > \"${SCRIPT_OUTPUT_FILE_0}\"\n";
			showEnvVarsInLog = 0;
		};
		7ECD8106BEE537BFC4B17BB4 /* [CP] Copy Pods Resources */ = {
			isa = PBXShellScriptBuildPhase;
			buildActionMask = 2147483647;
			files = (
			);
			inputPaths = (
			);
			name = "[CP] Copy Pods Resources";
			outputPaths = (
			);
			runOnlyForDeploymentPostprocessing = 0;
			shellPath = /bin/sh;
			shellScript = "\"${SRCROOT}/Pods/Target Support Files/Pods-BambooNotifier/Pods-BambooNotifier-resources.sh\"\n";
			showEnvVarsInLog = 0;
		};
		A2E51D9EB209E29662F0B630 /* [CP] Embed Pods Frameworks */ = {
			isa = PBXShellScriptBuildPhase;
			buildActionMask = 2147483647;
			files = (
			);
			inputPaths = (
				"${SRCROOT}/Pods/Target Support Files/Pods-BambooNotifier/Pods-BambooNotifier-frameworks.sh",
				"${BUILT_PRODUCTS_DIR}/FeedKit/FeedKit.framework",
			);
			name = "[CP] Embed Pods Frameworks";
			outputPaths = (
				"${TARGET_BUILD_DIR}/${FRAMEWORKS_FOLDER_PATH}/FeedKit.framework",
			);
			runOnlyForDeploymentPostprocessing = 0;
			shellPath = /bin/sh;
			shellScript = "\"${SRCROOT}/Pods/Target Support Files/Pods-BambooNotifier/Pods-BambooNotifier-frameworks.sh\"\n";
			showEnvVarsInLog = 0;
		};
/* End PBXShellScriptBuildPhase section */

/* Begin PBXSourcesBuildPhase section */
		ABFEA6622011A7B00092A2E9 /* Sources */ = {
			isa = PBXSourcesBuildPhase;
			buildActionMask = 2147483647;
			files = (
				ABFEA66C2011A7B00092A2E9 /* NotifierViewController.swift in Sources */,
				ABC61128201BEEDC007372F4 /* BambooPlan.swift in Sources */,
				ABFC7FD22011B37F00B1644C /* RefreshTimer.swift in Sources */,
				ABFEA66A2011A7B00092A2E9 /* AppDelegate.swift in Sources */,
				ABE40D7A2024FB9D00E66047 /* BambooProjectService.swift in Sources */,
				ABFC7FEE2016A3EC00B1644C /* NotifierModel.swift in Sources */,
				ABC61126201BECD2007372F4 /* BambooPlanBranch.swift in Sources */,
				ABC8DCBA2089166600F7D9CB /* ModelPersistence.swift in Sources */,
				AB8B6574202522C7003EB7BD /* BambooAPIRequest.swift in Sources */,
				ABC8DCB62087DA4200F7D9CB /* ISubscribable.swift in Sources */,
				ABFEA66F2011A7B00092A2E9 /* BambooNotifier.xcdatamodeld in Sources */,
				AB6B2E3A20659EF50082A46B /* BambooLink.swift in Sources */,
				ABFC7FEC201685BF00B1644C /* RSSSubscriber.swift in Sources */,
				AB8B657220251DEF003EB7BD /* BambooProjectResource.swift in Sources */,
				AB8B657020251C45003EB7BD /* BambooAPIResource.swift in Sources */,
				ABC6112A201BEF7D007372F4 /* BambooProject.swift in Sources */,
			);
			runOnlyForDeploymentPostprocessing = 0;
		};
/* End PBXSourcesBuildPhase section */

/* Begin PBXVariantGroup section */
		ABFEA6722011A7B00092A2E9 /* Main.storyboard */ = {
			isa = PBXVariantGroup;
			children = (
				ABFEA6732011A7B00092A2E9 /* Base */,
			);
			name = Main.storyboard;
			sourceTree = "<group>";
		};
/* End PBXVariantGroup section */

/* Begin XCBuildConfiguration section */
		ABFEA6772011A7B00092A2E9 /* Debug */ = {
			isa = XCBuildConfiguration;
			buildSettings = {
				ALWAYS_SEARCH_USER_PATHS = NO;
				CLANG_ANALYZER_NONNULL = YES;
				CLANG_ANALYZER_NUMBER_OBJECT_CONVERSION = YES_AGGRESSIVE;
				CLANG_CXX_LANGUAGE_STANDARD = "gnu++14";
				CLANG_CXX_LIBRARY = "libc++";
				CLANG_ENABLE_MODULES = YES;
				CLANG_ENABLE_OBJC_ARC = YES;
				CLANG_WARN_BLOCK_CAPTURE_AUTORELEASING = YES;
				CLANG_WARN_BOOL_CONVERSION = YES;
				CLANG_WARN_COMMA = YES;
				CLANG_WARN_CONSTANT_CONVERSION = YES;
				CLANG_WARN_DIRECT_OBJC_ISA_USAGE = YES_ERROR;
				CLANG_WARN_DOCUMENTATION_COMMENTS = YES;
				CLANG_WARN_EMPTY_BODY = YES;
				CLANG_WARN_ENUM_CONVERSION = YES;
				CLANG_WARN_INFINITE_RECURSION = YES;
				CLANG_WARN_INT_CONVERSION = YES;
				CLANG_WARN_NON_LITERAL_NULL_CONVERSION = YES;
				CLANG_WARN_OBJC_LITERAL_CONVERSION = YES;
				CLANG_WARN_OBJC_ROOT_CLASS = YES_ERROR;
				CLANG_WARN_RANGE_LOOP_ANALYSIS = YES;
				CLANG_WARN_STRICT_PROTOTYPES = YES;
				CLANG_WARN_SUSPICIOUS_MOVE = YES;
				CLANG_WARN_UNGUARDED_AVAILABILITY = YES_AGGRESSIVE;
				CLANG_WARN_UNREACHABLE_CODE = YES;
				CLANG_WARN__DUPLICATE_METHOD_MATCH = YES;
				CODE_SIGN_IDENTITY = "Mac Developer";
				COPY_PHASE_STRIP = NO;
				DEBUG_INFORMATION_FORMAT = dwarf;
				ENABLE_STRICT_OBJC_MSGSEND = YES;
				ENABLE_TESTABILITY = YES;
				GCC_C_LANGUAGE_STANDARD = gnu11;
				GCC_DYNAMIC_NO_PIC = NO;
				GCC_NO_COMMON_BLOCKS = YES;
				GCC_OPTIMIZATION_LEVEL = 0;
				GCC_PREPROCESSOR_DEFINITIONS = (
					"DEBUG=1",
					"$(inherited)",
				);
				GCC_WARN_64_TO_32_BIT_CONVERSION = YES;
				GCC_WARN_ABOUT_RETURN_TYPE = YES_ERROR;
				GCC_WARN_UNDECLARED_SELECTOR = YES;
				GCC_WARN_UNINITIALIZED_AUTOS = YES_AGGRESSIVE;
				GCC_WARN_UNUSED_FUNCTION = YES;
				GCC_WARN_UNUSED_VARIABLE = YES;
				MACOSX_DEPLOYMENT_TARGET = 10.12;
				MTL_ENABLE_DEBUG_INFO = YES;
				ONLY_ACTIVE_ARCH = YES;
				SDKROOT = macosx;
				SWIFT_ACTIVE_COMPILATION_CONDITIONS = DEBUG;
				SWIFT_OPTIMIZATION_LEVEL = "-Onone";
			};
			name = Debug;
		};
		ABFEA6782011A7B00092A2E9 /* Release */ = {
			isa = XCBuildConfiguration;
			buildSettings = {
				ALWAYS_SEARCH_USER_PATHS = NO;
				CLANG_ANALYZER_NONNULL = YES;
				CLANG_ANALYZER_NUMBER_OBJECT_CONVERSION = YES_AGGRESSIVE;
				CLANG_CXX_LANGUAGE_STANDARD = "gnu++14";
				CLANG_CXX_LIBRARY = "libc++";
				CLANG_ENABLE_MODULES = YES;
				CLANG_ENABLE_OBJC_ARC = YES;
				CLANG_WARN_BLOCK_CAPTURE_AUTORELEASING = YES;
				CLANG_WARN_BOOL_CONVERSION = YES;
				CLANG_WARN_COMMA = YES;
				CLANG_WARN_CONSTANT_CONVERSION = YES;
				CLANG_WARN_DIRECT_OBJC_ISA_USAGE = YES_ERROR;
				CLANG_WARN_DOCUMENTATION_COMMENTS = YES;
				CLANG_WARN_EMPTY_BODY = YES;
				CLANG_WARN_ENUM_CONVERSION = YES;
				CLANG_WARN_INFINITE_RECURSION = YES;
				CLANG_WARN_INT_CONVERSION = YES;
				CLANG_WARN_NON_LITERAL_NULL_CONVERSION = YES;
				CLANG_WARN_OBJC_LITERAL_CONVERSION = YES;
				CLANG_WARN_OBJC_ROOT_CLASS = YES_ERROR;
				CLANG_WARN_RANGE_LOOP_ANALYSIS = YES;
				CLANG_WARN_STRICT_PROTOTYPES = YES;
				CLANG_WARN_SUSPICIOUS_MOVE = YES;
				CLANG_WARN_UNGUARDED_AVAILABILITY = YES_AGGRESSIVE;
				CLANG_WARN_UNREACHABLE_CODE = YES;
				CLANG_WARN__DUPLICATE_METHOD_MATCH = YES;
				CODE_SIGN_IDENTITY = "Mac Developer";
				COPY_PHASE_STRIP = NO;
				DEBUG_INFORMATION_FORMAT = "dwarf-with-dsym";
				ENABLE_NS_ASSERTIONS = NO;
				ENABLE_STRICT_OBJC_MSGSEND = YES;
				GCC_C_LANGUAGE_STANDARD = gnu11;
				GCC_NO_COMMON_BLOCKS = YES;
				GCC_WARN_64_TO_32_BIT_CONVERSION = YES;
				GCC_WARN_ABOUT_RETURN_TYPE = YES_ERROR;
				GCC_WARN_UNDECLARED_SELECTOR = YES;
				GCC_WARN_UNINITIALIZED_AUTOS = YES_AGGRESSIVE;
				GCC_WARN_UNUSED_FUNCTION = YES;
				GCC_WARN_UNUSED_VARIABLE = YES;
				MACOSX_DEPLOYMENT_TARGET = 10.12;
				MTL_ENABLE_DEBUG_INFO = NO;
				SDKROOT = macosx;
				SWIFT_OPTIMIZATION_LEVEL = "-Owholemodule";
			};
			name = Release;
		};
		ABFEA67A2011A7B00092A2E9 /* Debug */ = {
			isa = XCBuildConfiguration;
			baseConfigurationReference = 685EA8ADEB411643431A10E0 /* Pods-BambooNotifier.debug.xcconfig */;
			buildSettings = {
				ASSETCATALOG_COMPILER_APPICON_NAME = AppIcon;
				CODE_SIGN_ENTITLEMENTS = BambooNotifier/BambooNotifier.entitlements;
				CODE_SIGN_STYLE = Automatic;
				COMBINE_HIDPI_IMAGES = YES;
				DEVELOPMENT_TEAM = C2SE2G379B;
				INFOPLIST_FILE = BambooNotifier/Info.plist;
				LD_RUNPATH_SEARCH_PATHS = "$(inherited) @executable_path/../Frameworks";
				PRODUCT_BUNDLE_IDENTIFIER = koziola.BambooNotifierApp;
				PRODUCT_NAME = "$(TARGET_NAME)";
				SWIFT_VERSION = 4.0;
			};
			name = Debug;
		};
		ABFEA67B2011A7B00092A2E9 /* Release */ = {
			isa = XCBuildConfiguration;
			baseConfigurationReference = 04344A498653B09A27159ACF /* Pods-BambooNotifier.release.xcconfig */;
			buildSettings = {
				ASSETCATALOG_COMPILER_APPICON_NAME = AppIcon;
				CODE_SIGN_ENTITLEMENTS = BambooNotifier/BambooNotifier.entitlements;
				CODE_SIGN_STYLE = Automatic;
				COMBINE_HIDPI_IMAGES = YES;
				DEVELOPMENT_TEAM = C2SE2G379B;
				INFOPLIST_FILE = BambooNotifier/Info.plist;
				LD_RUNPATH_SEARCH_PATHS = "$(inherited) @executable_path/../Frameworks";
				PRODUCT_BUNDLE_IDENTIFIER = koziola.BambooNotifierApp;
				PRODUCT_NAME = "$(TARGET_NAME)";
				SWIFT_VERSION = 4.0;
			};
			name = Release;
		};
/* End XCBuildConfiguration section */

/* Begin XCConfigurationList section */
		ABFEA6612011A7B00092A2E9 /* Build configuration list for PBXProject "BambooNotifier" */ = {
			isa = XCConfigurationList;
			buildConfigurations = (
				ABFEA6772011A7B00092A2E9 /* Debug */,
				ABFEA6782011A7B00092A2E9 /* Release */,
			);
			defaultConfigurationIsVisible = 0;
			defaultConfigurationName = Release;
		};
		ABFEA6792011A7B00092A2E9 /* Build configuration list for PBXNativeTarget "BambooNotifier" */ = {
			isa = XCConfigurationList;
			buildConfigurations = (
				ABFEA67A2011A7B00092A2E9 /* Debug */,
				ABFEA67B2011A7B00092A2E9 /* Release */,
			);
			defaultConfigurationIsVisible = 0;
			defaultConfigurationName = Release;
		};
/* End XCConfigurationList section */

/* Begin XCVersionGroup section */
		ABFEA66D2011A7B00092A2E9 /* BambooNotifier.xcdatamodeld */ = {
			isa = XCVersionGroup;
			children = (
				ABFEA66E2011A7B00092A2E9 /* BambooNotifier.xcdatamodel */,
			);
			currentVersion = ABFEA66E2011A7B00092A2E9 /* BambooNotifier.xcdatamodel */;
			path = BambooNotifier.xcdatamodeld;
			sourceTree = "<group>";
			versionGroupType = wrapper.xcdatamodel;
		};
/* End XCVersionGroup section */
	};
	rootObject = ABFEA65E2011A7B00092A2E9 /* Project object */;
}
